// !$*UTF8*$!
{
	archiveVersion = 1;
	classes = {
	};
	objectVersion = 46;
	objects = {

/* Begin PBXBuildFile section */
		B5BC6BD21971D532007D3470 /* AppDelegate.swift in Sources */ = {isa = PBXBuildFile; fileRef = B5BC6BD11971D532007D3470 /* AppDelegate.swift */; };
		B5BC6BD41971D532007D3470 /* GameScene.sks in Resources */ = {isa = PBXBuildFile; fileRef = B5BC6BD31971D532007D3470 /* GameScene.sks */; };
		B5BC6BD61971D532007D3470 /* GameScene.swift in Sources */ = {isa = PBXBuildFile; fileRef = B5BC6BD51971D532007D3470 /* GameScene.swift */; };
		B5BC6BD81971D532007D3470 /* GameViewController.swift in Sources */ = {isa = PBXBuildFile; fileRef = B5BC6BD71971D532007D3470 /* GameViewController.swift */; };
		B5BC6BDB1971D532007D3470 /* Main.storyboard in Resources */ = {isa = PBXBuildFile; fileRef = B5BC6BD91971D532007D3470 /* Main.storyboard */; };
		B5BC6BDD1971D532007D3470 /* Images.xcassets in Resources */ = {isa = PBXBuildFile; fileRef = B5BC6BDC1971D532007D3470 /* Images.xcassets */; };
		B5BC6BE91971D532007D3470 /* gamerunnerTests.swift in Sources */ = {isa = PBXBuildFile; fileRef = B5BC6BE81971D532007D3470 /* gamerunnerTests.swift */; };
/* End PBXBuildFile section */

/* Begin PBXContainerItemProxy section */
		B5BC6BE31971D532007D3470 /* PBXContainerItemProxy */ = {
			isa = PBXContainerItemProxy;
			containerPortal = B5BC6BC41971D532007D3470 /* Project object */;
			proxyType = 1;
			remoteGlobalIDString = B5BC6BCB1971D532007D3470;
			remoteInfo = gamerunner;
		};
/* End PBXContainerItemProxy section */

/* Begin PBXFileReference section */
		B5BC6BCC1971D532007D3470 /* gamerunner.app */ = {isa = PBXFileReference; explicitFileType = wrapper.application; includeInIndex = 0; path = gamerunner.app; sourceTree = BUILT_PRODUCTS_DIR; };
		B5BC6BD01971D532007D3470 /* Info.plist */ = {isa = PBXFileReference; lastKnownFileType = text.plist.xml; path = Info.plist; sourceTree = "<group>"; };
		B5BC6BD11971D532007D3470 /* AppDelegate.swift */ = {isa = PBXFileReference; lastKnownFileType = sourcecode.swift; path = AppDelegate.swift; sourceTree = "<group>"; };
		B5BC6BD31971D532007D3470 /* GameScene.sks */ = {isa = PBXFileReference; lastKnownFileType = file.sks; path = GameScene.sks; sourceTree = "<group>"; };
		B5BC6BD51971D532007D3470 /* GameScene.swift */ = {isa = PBXFileReference; lastKnownFileType = sourcecode.swift; path = GameScene.swift; sourceTree = "<group>"; };
		B5BC6BD71971D532007D3470 /* GameViewController.swift */ = {isa = PBXFileReference; lastKnownFileType = sourcecode.swift; path = GameViewController.swift; sourceTree = "<group>"; };
		B5BC6BDA1971D532007D3470 /* Base */ = {isa = PBXFileReference; lastKnownFileType = file.storyboard; name = Base; path = Base.lproj/Main.storyboard; sourceTree = "<group>"; };
		B5BC6BDC1971D532007D3470 /* Images.xcassets */ = {isa = PBXFileReference; lastKnownFileType = folder.assetcatalog; path = Images.xcassets; sourceTree = "<group>"; };
		B5BC6BE21971D532007D3470 /* gamerunnerTests.xctest */ = {isa = PBXFileReference; explicitFileType = wrapper.cfbundle; includeInIndex = 0; path = gamerunnerTests.xctest; sourceTree = BUILT_PRODUCTS_DIR; };
		B5BC6BE71971D532007D3470 /* Info.plist */ = {isa = PBXFileReference; lastKnownFileType = text.plist.xml; path = Info.plist; sourceTree = "<group>"; };
		B5BC6BE81971D532007D3470 /* gamerunnerTests.swift */ = {isa = PBXFileReference; lastKnownFileType = sourcecode.swift; path = gamerunnerTests.swift; sourceTree = "<group>"; };
/* End PBXFileReference section */

/* Begin PBXFrameworksBuildPhase section */
		B5BC6BC91971D532007D3470 /* Frameworks */ = {
			isa = PBXFrameworksBuildPhase;
			buildActionMask = 2147483647;
			files = (
			);
			runOnlyForDeploymentPostprocessing = 0;
		};
		B5BC6BDF1971D532007D3470 /* Frameworks */ = {
			isa = PBXFrameworksBuildPhase;
			buildActionMask = 2147483647;
			files = (
			);
			runOnlyForDeploymentPostprocessing = 0;
		};
/* End PBXFrameworksBuildPhase section */

/* Begin PBXGroup section */
		B5BC6BC31971D532007D3470 = {
			isa = PBXGroup;
			children = (
				B5BC6BCE1971D532007D3470 /* gamerunner */,
				B5BC6BE51971D532007D3470 /* gamerunnerTests */,
				B5BC6BCD1971D532007D3470 /* Products */,
			);
			sourceTree = "<group>";
		};
		B5BC6BCD1971D532007D3470 /* Products */ = {
			isa = PBXGroup;
			children = (
				B5BC6BCC1971D532007D3470 /* gamerunner.app */,
				B5BC6BE21971D532007D3470 /* gamerunnerTests.xctest */,
			);
			name = Products;
			sourceTree = "<group>";
		};
		B5BC6BCE1971D532007D3470 /* gamerunner */ = {
			isa = PBXGroup;
			children = (
				B5BC6BD11971D532007D3470 /* AppDelegate.swift */,
				B5BC6BD31971D532007D3470 /* GameScene.sks */,
				B5BC6BD51971D532007D3470 /* GameScene.swift */,
				B5BC6BD71971D532007D3470 /* GameViewController.swift */,
				B5BC6BD91971D532007D3470 /* Main.storyboard */,
				B5BC6BDC1971D532007D3470 /* Images.xcassets */,
				B5BC6BCF1971D532007D3470 /* Supporting Files */,
			);
			path = gamerunner;
			sourceTree = "<group>";
		};
		B5BC6BCF1971D532007D3470 /* Supporting Files */ = {
			isa = PBXGroup;
			children = (
				B5BC6BD01971D532007D3470 /* Info.plist */,
			);
			name = "Supporting Files";
			sourceTree = "<group>";
		};
		B5BC6BE51971D532007D3470 /* gamerunnerTests */ = {
			isa = PBXGroup;
			children = (
				B5BC6BE81971D532007D3470 /* gamerunnerTests.swift */,
				B5BC6BE61971D532007D3470 /* Supporting Files */,
			);
			path = gamerunnerTests;
			sourceTree = "<group>";
		};
		B5BC6BE61971D532007D3470 /* Supporting Files */ = {
			isa = PBXGroup;
			children = (
				B5BC6BE71971D532007D3470 /* Info.plist */,
			);
			name = "Supporting Files";
			sourceTree = "<group>";
		};
/* End PBXGroup section */

/* Begin PBXNativeTarget section */
		B5BC6BCB1971D532007D3470 /* gamerunner */ = {
			isa = PBXNativeTarget;
			buildConfigurationList = B5BC6BEC1971D532007D3470 /* Build configuration list for PBXNativeTarget "gamerunner" */;
			buildPhases = (
				B5BC6BC81971D532007D3470 /* Sources */,
				B5BC6BC91971D532007D3470 /* Frameworks */,
				B5BC6BCA1971D532007D3470 /* Resources */,
			);
			buildRules = (
			);
			dependencies = (
			);
			name = gamerunner;
			productName = gamerunner;
			productReference = B5BC6BCC1971D532007D3470 /* gamerunner.app */;
			productType = "com.apple.product-type.application";
		};
		B5BC6BE11971D532007D3470 /* gamerunnerTests */ = {
			isa = PBXNativeTarget;
			buildConfigurationList = B5BC6BEF1971D532007D3470 /* Build configuration list for PBXNativeTarget "gamerunnerTests" */;
			buildPhases = (
				B5BC6BDE1971D532007D3470 /* Sources */,
				B5BC6BDF1971D532007D3470 /* Frameworks */,
				B5BC6BE01971D532007D3470 /* Resources */,
			);
			buildRules = (
			);
			dependencies = (
				B5BC6BE41971D532007D3470 /* PBXTargetDependency */,
			);
			name = gamerunnerTests;
			productName = gamerunnerTests;
			productReference = B5BC6BE21971D532007D3470 /* gamerunnerTests.xctest */;
			productType = "com.apple.product-type.bundle.unit-test";
		};
/* End PBXNativeTarget section */

/* Begin PBXProject section */
		B5BC6BC41971D532007D3470 /* Project object */ = {
			isa = PBXProject;
			attributes = {
				LastUpgradeCheck = 0600;
				ORGANIZATIONNAME = "HackRunner Inc";
				TargetAttributes = {
					B5BC6BCB1971D532007D3470 = {
						CreatedOnToolsVersion = 6.0;
					};
					B5BC6BE11971D532007D3470 = {
						CreatedOnToolsVersion = 6.0;
						TestTargetID = B5BC6BCB1971D532007D3470;
					};
				};
			};
			buildConfigurationList = B5BC6BC71971D532007D3470 /* Build configuration list for PBXProject "gamerunner" */;
			compatibilityVersion = "Xcode 3.2";
			developmentRegion = English;
			hasScannedForEncodings = 0;
			knownRegions = (
				en,
				Base,
			);
			mainGroup = B5BC6BC31971D532007D3470;
			productRefGroup = B5BC6BCD1971D532007D3470 /* Products */;
			projectDirPath = "";
			projectRoot = "";
			targets = (
				B5BC6BCB1971D532007D3470 /* gamerunner */,
				B5BC6BE11971D532007D3470 /* gamerunnerTests */,
			);
		};
/* End PBXProject section */

/* Begin PBXResourcesBuildPhase section */
		B5BC6BCA1971D532007D3470 /* Resources */ = {
			isa = PBXResourcesBuildPhase;
			buildActionMask = 2147483647;
			files = (
				B5BC6BDD1971D532007D3470 /* Images.xcassets in Resources */,
				B5BC6BD41971D532007D3470 /* GameScene.sks in Resources */,
				B5BC6BDB1971D532007D3470 /* Main.storyboard in Resources */,
			);
			runOnlyForDeploymentPostprocessing = 0;
		};
		B5BC6BE01971D532007D3470 /* Resources */ = {
			isa = PBXResourcesBuildPhase;
			buildActionMask = 2147483647;
			files = (
			);
			runOnlyForDeploymentPostprocessing = 0;
		};
/* End PBXResourcesBuildPhase section */

/* Begin PBXSourcesBuildPhase section */
		B5BC6BC81971D532007D3470 /* Sources */ = {
			isa = PBXSourcesBuildPhase;
			buildActionMask = 2147483647;
			files = (
				B5BC6BD61971D532007D3470 /* GameScene.swift in Sources */,
				B5BC6BD81971D532007D3470 /* GameViewController.swift in Sources */,
				B5BC6BD21971D532007D3470 /* AppDelegate.swift in Sources */,
			);
			runOnlyForDeploymentPostprocessing = 0;
		};
		B5BC6BDE1971D532007D3470 /* Sources */ = {
			isa = PBXSourcesBuildPhase;
			buildActionMask = 2147483647;
			files = (
				B5BC6BE91971D532007D3470 /* gamerunnerTests.swift in Sources */,
			);
			runOnlyForDeploymentPostprocessing = 0;
		};
/* End PBXSourcesBuildPhase section */

/* Begin PBXTargetDependency section */
		B5BC6BE41971D532007D3470 /* PBXTargetDependency */ = {
			isa = PBXTargetDependency;
			target = B5BC6BCB1971D532007D3470 /* gamerunner */;
			targetProxy = B5BC6BE31971D532007D3470 /* PBXContainerItemProxy */;
		};
/* End PBXTargetDependency section */

/* Begin PBXVariantGroup section */
		B5BC6BD91971D532007D3470 /* Main.storyboard */ = {
			isa = PBXVariantGroup;
			children = (
				B5BC6BDA1971D532007D3470 /* Base */,
			);
			name = Main.storyboard;
			sourceTree = "<group>";
		};
/* End PBXVariantGroup section */

/* Begin XCBuildConfiguration section */
		B5BC6BEA1971D532007D3470 /* Debug */ = {
			isa = XCBuildConfiguration;
			buildSettings = {
				ALWAYS_SEARCH_USER_PATHS = NO;
				CLANG_CXX_LANGUAGE_STANDARD = "gnu++0x";
				CLANG_CXX_LIBRARY = "libc++";
				CLANG_ENABLE_MODULES = YES;
				CLANG_ENABLE_OBJC_ARC = YES;
				CLANG_WARN_BOOL_CONVERSION = YES;
				CLANG_WARN_CONSTANT_CONVERSION = YES;
				CLANG_WARN_DIRECT_OBJC_ISA_USAGE = YES_ERROR;
				CLANG_WARN_EMPTY_BODY = YES;
				CLANG_WARN_ENUM_CONVERSION = YES;
				CLANG_WARN_INT_CONVERSION = YES;
				CLANG_WARN_OBJC_ROOT_CLASS = YES_ERROR;
				CLANG_WARN_UNREACHABLE_CODE = YES;
				CLANG_WARN__DUPLICATE_METHOD_MATCH = YES;
				"CODE_SIGN_IDENTITY[sdk=iphoneos*]" = "iPhone Developer";
				COPY_PHASE_STRIP = NO;
				ENABLE_STRICT_OBJC_MSGSEND = YES;
				GCC_C_LANGUAGE_STANDARD = gnu99;
				GCC_DYNAMIC_NO_PIC = NO;
				GCC_OPTIMIZATION_LEVEL = 0;
				GCC_PREPROCESSOR_DEFINITIONS = (
					"DEBUG=1",
					"$(inherited)",
				);
				GCC_SYMBOLS_PRIVATE_EXTERN = NO;
				GCC_WARN_64_TO_32_BIT_CONVERSION = YES;
				GCC_WARN_ABOUT_RETURN_TYPE = YES_ERROR;
				GCC_WARN_UNDECLARED_SELECTOR = YES;
				GCC_WARN_UNINITIALIZED_AUTOS = YES_AGGRESSIVE;
				GCC_WARN_UNUSED_FUNCTION = YES;
				GCC_WARN_UNUSED_VARIABLE = YES;
				IPHONEOS_DEPLOYMENT_TARGET = 8.0;
				MTL_ENABLE_DEBUG_INFO = YES;
				ONLY_ACTIVE_ARCH = YES;
				SDKROOT = iphoneos;
				SWIFT_OPTIMIZATION_LEVEL = "-Onone";
				TARGETED_DEVICE_FAMILY = "1,2";
			};
			name = Debug;
		};
		B5BC6BEB1971D532007D3470 /* Release */ = {
			isa = XCBuildConfiguration;
			buildSettings = {
				ALWAYS_SEARCH_USER_PATHS = NO;
				CLANG_CXX_LANGUAGE_STANDARD = "gnu++0x";
				CLANG_CXX_LIBRARY = "libc++";
				CLANG_ENABLE_MODULES = YES;
				CLANG_ENABLE_OBJC_ARC = YES;
				CLANG_WARN_BOOL_CONVERSION = YES;
				CLANG_WARN_CONSTANT_CONVERSION = YES;
				CLANG_WARN_DIRECT_OBJC_ISA_USAGE = YES_ERROR;
				CLANG_WARN_EMPTY_BODY = YES;
				CLANG_WARN_ENUM_CONVERSION = YES;
				CLANG_WARN_INT_CONVERSION = YES;
				CLANG_WARN_OBJC_ROOT_CLASS = YES_ERROR;
				CLANG_WARN_UNREACHABLE_CODE = YES;
				CLANG_WARN__DUPLICATE_METHOD_MATCH = YES;
				"CODE_SIGN_IDENTITY[sdk=iphoneos*]" = "iPhone Developer";
				COPY_PHASE_STRIP = YES;
				ENABLE_NS_ASSERTIONS = NO;
				ENABLE_STRICT_OBJC_MSGSEND = YES;
				GCC_C_LANGUAGE_STANDARD = gnu99;
				GCC_WARN_64_TO_32_BIT_CONVERSION = YES;
				GCC_WARN_ABOUT_RETURN_TYPE = YES_ERROR;
				GCC_WARN_UNDECLARED_SELECTOR = YES;
				GCC_WARN_UNINITIALIZED_AUTOS = YES_AGGRESSIVE;
				GCC_WARN_UNUSED_FUNCTION = YES;
				GCC_WARN_UNUSED_VARIABLE = YES;
				IPHONEOS_DEPLOYMENT_TARGET = 8.0;
				MTL_ENABLE_DEBUG_INFO = NO;
				SDKROOT = iphoneos;
				TARGETED_DEVICE_FAMILY = "1,2";
				VALIDATE_PRODUCT = YES;
			};
			name = Release;
		};
		B5BC6BED1971D532007D3470 /* Debug */ = {
			isa = XCBuildConfiguration;
			buildSettings = {
				ASSETCATALOG_COMPILER_APPICON_NAME = AppIcon;
				ASSETCATALOG_COMPILER_LAUNCHIMAGE_NAME = LaunchImage;
				INFOPLIST_FILE = gamerunner/Info.plist;
				LD_RUNPATH_SEARCH_PATHS = "$(inherited) @executable_path/Frameworks";
				PRODUCT_NAME = "$(TARGET_NAME)";
			};
			name = Debug;
		};
		B5BC6BEE1971D532007D3470 /* Release */ = {
			isa = XCBuildConfiguration;
			buildSettings = {
				ASSETCATALOG_COMPILER_APPICON_NAME = AppIcon;
				ASSETCATALOG_COMPILER_LAUNCHIMAGE_NAME = LaunchImage;
				INFOPLIST_FILE = gamerunner/Info.plist;
				LD_RUNPATH_SEARCH_PATHS = "$(inherited) @executable_path/Frameworks";
				PRODUCT_NAME = "$(TARGET_NAME)";
			};
			name = Release;
		};
		B5BC6BF01971D532007D3470 /* Debug */ = {
			isa = XCBuildConfiguration;
			buildSettings = {
				BUNDLE_LOADER = "$(BUILT_PRODUCTS_DIR)/gamerunner.app/gamerunner";
				FRAMEWORK_SEARCH_PATHS = (
					"$(SDKROOT)/Developer/Library/Frameworks",
					"$(inherited)",
				);
				GCC_PREPROCESSOR_DEFINITIONS = (
					"DEBUG=1",
					"$(inherited)",
				);
				INFOPLIST_FILE = gamerunnerTests/Info.plist;
				LD_RUNPATH_SEARCH_PATHS = "$(inherited) @executable_path/Frameworks @loader_path/Frameworks";
				PRODUCT_NAME = "$(TARGET_NAME)";
				TEST_HOST = "$(BUNDLE_LOADER)";
			};
			name = Debug;
		};
		B5BC6BF11971D532007D3470 /* Release */ = {
			isa = XCBuildConfiguration;
			buildSettings = {
				BUNDLE_LOADER = "$(BUILT_PRODUCTS_DIR)/gamerunner.app/gamerunner";
				FRAMEWORK_SEARCH_PATHS = (
					"$(SDKROOT)/Developer/Library/Frameworks",
					"$(inherited)",
				);
				INFOPLIST_FILE = gamerunnerTests/Info.plist;
				LD_RUNPATH_SEARCH_PATHS = "$(inherited) @executable_path/Frameworks @loader_path/Frameworks";
				PRODUCT_NAME = "$(TARGET_NAME)";
				TEST_HOST = "$(BUNDLE_LOADER)";
			};
			name = Release;
		};
/* End XCBuildConfiguration section */

/* Begin XCConfigurationList section */
		B5BC6BC71971D532007D3470 /* Build configuration list for PBXProject "gamerunner" */ = {
			isa = XCConfigurationList;
			buildConfigurations = (
				B5BC6BEA1971D532007D3470 /* Debug */,
				B5BC6BEB1971D532007D3470 /* Release */,
			);
			defaultConfigurationIsVisible = 0;
			defaultConfigurationName = Release;
		};
		B5BC6BEC1971D532007D3470 /* Build configuration list for PBXNativeTarget "gamerunner" */ = {
			isa = XCConfigurationList;
			buildConfigurations = (
				B5BC6BED1971D532007D3470 /* Debug */,
				B5BC6BEE1971D532007D3470 /* Release */,
			);
			defaultConfigurationIsVisible = 0;
		};
		B5BC6BEF1971D532007D3470 /* Build configuration list for PBXNativeTarget "gamerunnerTests" */ = {
			isa = XCConfigurationList;
			buildConfigurations = (
				B5BC6BF01971D532007D3470 /* Debug */,
				B5BC6BF11971D532007D3470 /* Release */,
			);
			defaultConfigurationIsVisible = 0;
		};
/* End XCConfigurationList section */
	};
	rootObject = B5BC6BC41971D532007D3470 /* Project object */;
}
